
Microsoft Visual Studio Solution File, Format Version 12.00
# Visual Studio Version 17
VisualStudioVersion = 17.11.35312.102
MinimumVisualStudioVersion = 10.0.40219.1
Project("{FAE04EC0-301F-11D3-BF4B-00C04F79EFBC}") = "ShoeStore_Bondarev", "ShoeStore_Bondarev.csproj", "{6DF7CE8F-0CCA-4151-84BC-9CE33FA29530}"
EndProject
Global
	GlobalSection(SolutionConfigurationPlatforms) = preSolution
		Debug|Any CPU = Debug|Any CPU
		Release|Any CPU = Release|Any CPU
	EndGlobalSection
	GlobalSection(ProjectConfigurationPlatforms) = postSolution
		{6DF7CE8F-0CCA-4151-84BC-9CE33FA29530}.Debug|Any CPU.ActiveCfg = Debug|Any CPU
		{6DF7CE8F-0CCA-4151-84BC-9CE33FA29530}.Debug|Any CPU.Build.0 = Debug|Any CPU
		{6DF7CE8F-0CCA-4151-84BC-9CE33FA29530}.Release|Any CPU.ActiveCfg = Release|Any CPU
		{6DF7CE8F-0CCA-4151-84BC-9CE33FA29530}.Release|Any CPU.Build.0 = Release|Any CPU
	EndGlobalSection
	GlobalSection(SolutionProperties) = preSolution
		HideSolutionNode = FALSE
	EndGlobalSection
	GlobalSection(ExtensibilityGlobals) = postSolution
		SolutionGuid = {6BE71D83-ED4C-4759-A77F-FB73386940F1}
	EndGlobalSection
EndGlobal
